# Generated by conda-lock.
# platform: osx-arm64
# input_hash: 419f3e21626be0dfeb26d24dc3aa6e53b9fa903ae6fa8a61588b74122e028644
@EXPLICIT
https://repo.anaconda.com/pkgs/main/osx-arm64/blas-1.0-openblas.conda#082557147829a904fa986cb86dd1e45a
https://repo.anaconda.com/pkgs/main/osx-arm64/bzip2-1.0.8-h80987f9_6.conda#27a1ffbd30ff6427c112a733410e2f57
https://repo.anaconda.com/pkgs/main/osx-arm64/ca-certificates-2026.8.13-hca03da5_0.conda#740eb6453160e5fa44b19a320f7eb992
https://repo.anaconda.com/pkgs/main/osx-arm64/libdeflate-1.22-h80987f9_0.conda#b92037e2ce8c42edf6c0a324763e00a5
https://repo.anaconda.com/pkgs/main/osx-arm64/python_abi-3.14-4_cp314.conda#d680cd23058d367aef8844bb40abb47c
https://repo.anaconda.com/pkgs/main/noarch/tzdata-2026c-he532380_0.conda#448fc60cd3fb615bf69e242f8aa22914
https://repo.anaconda.com/pkgs/main/osx-arm64/xorg-libxau-1.0.12-h3fc13f7_0.conda#162a758c6fec97f22318bbeed0286704
https://repo.anaconda.com/pkgs/main/osx-arm64/xorg-libxdmcp-1.1.5-h3fc13f7_0.conda#f2c814ea6832c8236d8154bc1c28a9f7
https://repo.anaconda.com/pkgs/main/osx-arm64/dav1d-1.5.3-h3e4eb2d_1.conda#26202cf1065cda042c017bb48d88f595
https://repo.anaconda.com/pkgs/main/osx-arm64/icu-78.3-hb5f10ac_1.conda#c89cbd6ecb7f466c3d404e3e8828a249
https://repo.anaconda.com/pkgs/main/osx-arm64/libcxx-22.1.2-hf894667_0.conda#344e08f75d799c1e5b57441a2a4c357d
https://repo.anaconda.com/pkgs/main/osx-arm64/libiconv-1.18-h92f5915_0.conda#efcf143adafc878192a4ab5252f4cacb
https://repo.anaconda.com/pkgs/main/osx-arm64/libjpeg-turbo-3.1.3-haa24f5a_0.conda#b1de51f6c0b59d3760c49a38ee13a413
https://repo.anaconda.com/pkgs/main/osx-arm64/libmpdec-4.0.1-haa24f5a_0.conda#846740b7e983e4a4843f60f9c0dd757b
https://repo.anaconda.com/pkgs/main/osx-arm64/libopenjpeg-2.5.4-haa24f5a_2.conda#5b2e7c49aa3fef5a578f37298ae7a7cc
https://repo.anaconda.com/pkgs/main/osx-arm64/libsodium-1.0.21-h58dafb5_1.conda#42d8baeeb5b468a3a6d5cb23edc7fb2c
https://repo.anaconda.com/pkgs/main/osx-arm64/libwebp-base-1.6.0-h92b2d59_0.conda#de1f0bed2579ae4197f1740c5e3f46ea
https://repo.anaconda.com/pkgs/main/osx-arm64/libzlib-1.3.2-hb4cf58c_0.conda#9d41b3c3d95b77ef480c540be1bebeea
https://repo.anaconda.com/pkgs/main/osx-arm64/llvm-openmp-22.1.2-h4714345_1.conda#df4e7a6683f56970d08bbba16299f2c7
https://repo.anaconda.com/pkgs/main/osx-arm64/lmdb-1.0.0-hdceb957_0.conda#f7c30c3d204487c2fa2a961442fcfdde
https://repo.anaconda.com/pkgs/main/osx-arm64/lz4-c-1.9.4-hd7fd590_5.conda#b97ccf527a239a8a6f5662d0bc17aab3
https://repo.anaconda.com/pkgs/main/osx-arm64/ncurses-6.6-h2f07c83_0.conda#56f189fa54a4ae78476fd8f593085abd
https://repo.anaconda.com/pkgs/main/osx-arm64/openssl-3.5.8-ha0b305a_0.conda#84c56b0a9c31aa70388d81651b692bb5
https://repo.anaconda.com/pkgs/main/osx-arm64/pthread-stubs-0.3-haa24f5a_2.conda#8bb942be64e28deb3d44837c06bbc902
https://repo.anaconda.com/pkgs/main/osx-arm64/xz-5.8.4-h9596fca_0.conda#01e055ae59656321b4a46396b1b1310d
https://repo.anaconda.com/pkgs/main/osx-arm64/yaml-0.2.5-h091b9d3_1.conda#2cd951a7e3efb608e740ad059c490d58
https://repo.anaconda.com/pkgs/main/osx-arm64/aom-3.14.0-h5bf9439_0.conda#77916b036bb4d7c19a847f8327f511aa
https://repo.anaconda.com/pkgs/main/osx-arm64/graphite2-1.3.15-h167f10d_0.conda#6908a6d04ea451dc5055d9ab0bf79db8
https://repo.anaconda.com/pkgs/main/osx-arm64/lerc-4.1.0-h50f4ffc_2.conda#a3a80716d5197bf7c3852cfdfd11930f
https://repo.anaconda.com/pkgs/main/osx-arm64/libabseil-20260526.0-cxx17_h1f9b94c_0.conda#7d6920025e4b30327074fdf6b57ad615
https://repo.anaconda.com/pkgs/main/osx-arm64/libasprintf-0.25.1-hcc4682f_2.conda#7af390baecbb40c2e7fe38cb848d4a3b
https://repo.anaconda.com/pkgs/main/osx-arm64/libevent-2.1.13-h6d421f9_1.conda#f3e92ab69a20e93854f72a9ac09b48f9
https://repo.anaconda.com/pkgs/main/osx-arm64/libexpat-2.8.5-h50f4ffc_1.conda#df475c9b5a34f0f4e5f809ced53a1a21
https://repo.anaconda.com/pkgs/main/osx-arm64/libffi-3.4.8-h4a3ca97_3.conda#326b7c1e607c02cafbe73d8850faf103
https://repo.anaconda.com/pkgs/main/osx-arm64/libgfortran5-15.2.0-hb654fa1_2.conda#c90a63ac8919d5032fe9ad8a402a19fe
https://repo.anaconda.com/pkgs/main/osx-arm64/libintl-0.25.1-h55097f8_2.conda#0936ca363ddee980a36ca168dcb4d78c
https://repo.anaconda.com/pkgs/main/osx-arm64/libkrb5-1.22.2-hbbdc3aa_0.conda#3743cbea729ac2371c8301d359e0855d
https://repo.anaconda.com/pkgs/main/osx-arm64/libpng-1.6.56-hc9243e6_0.conda#b1fa49ee66c7d4a512887ef7745db817
https://repo.anaconda.com/pkgs/main/osx-arm64/libxcb-1.17.0-h3fc13f7_0.conda#8566ea0bb8520f2d8ddc2a0c2a5e8d0f
https://repo.anaconda.com/pkgs/main/osx-arm64/libxml2-2.15.3-h9e20a13_0.conda#94221d348ff3a7d4c789f4e0bda56131
https://repo.anaconda.com/pkgs/main/osx-arm64/mysql-common-9.7.2-h2890792_1.conda#648db75a9a728d28bb977f0e79eaea22
https://repo.anaconda.com/pkgs/main/osx-arm64/pcre2-10.48-h60a714b_0.conda#8851ec3cc9fd3c837a85360fec650a67
https://repo.anaconda.com/pkgs/main/osx-arm64/pixman-0.46.4-hb758e52_1.conda#5949148a2ded11a1054f5aa6e238d466
https://repo.anaconda.com/pkgs/main/osx-arm64/readline-8.3-h0b18652_0.conda#fed853901ec41684b9e08b0c7ee4d7f0
https://repo.anaconda.com/pkgs/main/osx-arm64/zlib-1.3.2-hb4cf58c_0.conda#20d6a8a398dcfa5aa728e95dc49084db
https://repo.anaconda.com/pkgs/main/osx-arm64/zstd-1.5.7-h817c040_0.conda#f4b8cecc47f8ef5b20b51af6807b2ef1
https://repo.anaconda.com/pkgs/main/osx-arm64/cyrus-sasl-2.1.28-h5aace77_5.conda#fcf0aeb3f8a11ead124de88c9b1ccdf5
https://repo.anaconda.com/pkgs/main/osx-arm64/freetype-2.14.1-h7cdc921_0.conda#e1c29412366a1da0a3d2da0dc513a2e4
https://repo.anaconda.com/pkgs/main/osx-arm64/gettext-tools-0.25.1-h47834f4_2.conda#3e1d8e34fe7d93d2e22ef1b0177b3c62
https://repo.anaconda.com/pkgs/main/osx-arm64/libasprintf-devel-0.25.1-hcc4682f_2.conda#59e1e0dbb049309898ec2ade10e13132
https://repo.anaconda.com/pkgs/main/osx-arm64/libavif-1.4.2-h98ac971_0.conda#fc6a0d357fb6c14a2d56a32d13e516da
https://repo.anaconda.com/pkgs/main/osx-arm64/libgettextpo-0.25.1-hd3943a6_2.conda#d965ce02bad685b224790badc000ab1f
https://repo.anaconda.com/pkgs/main/osx-arm64/libgfortran-15.2.0-h09d7db9_2.conda#b29817755eb166eedc011c387eda472a
https://repo.anaconda.com/pkgs/main/osx-arm64/libintl-devel-0.25.1-h55097f8_2.conda#e48b492a11fff0eaad6f62a07b6d8c92
https://repo.anaconda.com/pkgs/main/osx-arm64/libprotobuf-7.35.1-hb966d5f_0.conda#95b09df9d16c58f7eb80baecded85ec1
https://repo.anaconda.com/pkgs/main/osx-arm64/libtiff-4.7.2-h2f141fa_0.conda#debe8cc3d970c72dc9844cee845fcbbf
https://repo.anaconda.com/pkgs/main/osx-arm64/mysql-libs-9.7.2-h01a13d1_1.conda#e5cbed1b7a8906dbb85f74cfb2394cd8
https://repo.anaconda.com/pkgs/main/osx-arm64/sqlite-3.53.4-h1cce5ff_0.conda#fd9a488523974dc8fcb18bd3869a4885
https://repo.anaconda.com/pkgs/main/osx-arm64/tk-9.0.4-h4792a3e_1.conda#2c49c72385643e175b11a0d0b53a04ab
https://repo.anaconda.com/pkgs/main/osx-arm64/fontconfig-2.18.2-hcc366ee_0.conda#d7bc8c96c0317cbbf941e43c43a36285
https://repo.anaconda.com/pkgs/main/osx-arm64/lcms2-2.19.1-hac32b83_1.conda#9a6bad32dcaf0371b9ac10a27d66cef0
https://repo.anaconda.com/pkgs/main/osx-arm64/libgettextpo-devel-0.25.1-hd3943a6_2.conda#51fca8216b88233ab1ddc35bfc0281c3
https://repo.anaconda.com/pkgs/main/osx-arm64/libopenblas-0.3.31-h7813bb4_3.conda#7b3fea6540d2b79888cd500ef4a733d8
https://repo.anaconda.com/pkgs/main/osx-arm64/libsentencepiece-0.2.1-hc95c152_3.conda#18b742fc52dc48d264159c2f437f3caf
https://repo.anaconda.com/pkgs/main/osx-arm64/openldap-2.6.12-hba325dd_2.conda#6272c4668c1f2fe2e8abfe9786b1001e
https://repo.anaconda.com/pkgs/main/osx-arm64/python-3.14.7-hedc06ab_101_cp314.conda#b0ca824c50465e43b93c8c9a68f327da
https://repo.anaconda.com/pkgs/main/osx-arm64/annotated-doc-0.0.5-py314hca03da5_0.conda#dd0b879217e36fe19e757afe46efaac4
https://repo.anaconda.com/pkgs/main/osx-arm64/certifi-2026.7.22-py314hca03da5_0.conda#0e84a505e3d3dfab807e0ee7a64468c7
https://repo.anaconda.com/pkgs/main/osx-arm64/cycler-0.12.1-py314hca03da5_0.conda#40e6dbf9948741307534d8b65cda06a6
https://repo.anaconda.com/pkgs/main/osx-arm64/filelock-3.29.4-py314hca03da5_1.conda#eae09f4822502f138adbe4dbe954dafb
https://repo.anaconda.com/pkgs/main/osx-arm64/fonttools-4.63.0-py314haa24f5a_0.conda#e545509a60ada1b41bcc50756c4566c8
https://repo.anaconda.com/pkgs/main/osx-arm64/fsspec-2026.7.0-py314h7136c26_0.conda#e00d6e82c7b6f03cf886e4201255ceab
https://repo.anaconda.com/pkgs/main/osx-arm64/gettext-0.25.1-h0087489_2.conda#106200b29c061720dafc39ec81589ec1
https://repo.anaconda.com/pkgs/main/osx-arm64/h11-0.16.0-py314hca03da5_1.conda#f95ebdfa6d168eb9155c28f422a1594f
https://repo.anaconda.com/pkgs/main/osx-arm64/hf-xet-1.4.3-py314h482b559_0.conda#a7c4905f5508bc49d4c888892d61e093
https://repo.anaconda.com/pkgs/main/osx-arm64/idna-3.18-py314hca03da5_0.conda#1d9f00713f45cf1ba0391e2907b09542
https://repo.anaconda.com/pkgs/main/osx-arm64/kiwisolver-1.5.0-py314h50f4ffc_0.conda#4a608a537b73efdc8171f9410e346d7c
https://repo.anaconda.com/pkgs/main/osx-arm64/libpq-18.4-ha662e1b_1.conda#5691a808d042e8a9dafa22123afac87e
https://repo.anaconda.com/pkgs/main/osx-arm64/markupsafe-3.0.3-py314haa24f5a_0.conda#de06a3b8b8027e8e8379e11fb89290a7
https://repo.anaconda.com/pkgs/main/osx-arm64/mdurl-0.1.2-py314hca03da5_0.conda#6dd267778700f8aa6620306c6353d757
https://repo.anaconda.com/pkgs/main/osx-arm64/mlx-0.31.2-py314h532a967_0.conda#6f5e3ce32cc42ac58fb77cea927a7761
https://repo.anaconda.com/pkgs/main/osx-arm64/numpy-base-2.5.3-py314hb4b2851_0.conda#79843cb44c2ff4ab3923355997e6fe6c
https://repo.anaconda.com/pkgs/main/osx-arm64/packaging-26.3-py314hca03da5_0.conda#721518c69b42442ab0dc2165df111739
https://repo.anaconda.com/pkgs/main/osx-arm64/pillow-12.3.0-py314h8211416_0.conda#0f6f285a2cfb5d35366e158b16a585e4
https://repo.anaconda.com/pkgs/main/noarch/pip-26.2.1-pyh0d26453_0.conda#d92bf6ea290d33fd46638bec27123c4e
https://repo.anaconda.com/pkgs/main/osx-arm64/protobuf-7.35.1-py314h50f4ffc_0.conda#08ec7451776c802dcba69cb456bcf5d2
https://repo.anaconda.com/pkgs/main/osx-arm64/pygments-2.21.0-py314hca03da5_0.conda#ba293133bb86ac61cb1e96528a528070
https://repo.anaconda.com/pkgs/main/osx-arm64/pyparsing-3.3.2-py314hca03da5_0.conda#1606854afd462b48ad39ba674ac74f68
https://repo.anaconda.com/pkgs/main/osx-arm64/pyqt6-sip-13.11.1-py314hc028a70_0.conda#129b5276b2491cccc390b3caf0db2c66
https://repo.anaconda.com/pkgs/main/osx-arm64/pyyaml-6.0.3-py314h091b9d3_0.conda#efdfbaea379b46cb6b61e99a5cf6e6ff
https://repo.anaconda.com/pkgs/main/osx-arm64/regex-2026.7.19-py314haa24f5a_0.conda#16d02b60881d65968b689f50f5e29913
https://repo.anaconda.com/pkgs/main/osx-arm64/ruff-0.16.7-py314h46fb4a7_0.conda#45625fbe7f79e93b7743faa2086c0863
https://repo.anaconda.com/pkgs/main/osx-arm64/safetensors-0.8.0-py314h46fb4a7_0.conda#aa89c0209e4c43eaaeed2b738a0ce508
https://repo.anaconda.com/pkgs/main/osx-arm64/sentencepiece-python-0.2.1-py314h59b4421_3.conda#8e3751ee2baa9449fa9a708626f0fc8e
https://repo.anaconda.com/pkgs/main/osx-arm64/sentencepiece-spm-0.2.1-h59b4421_3.conda#b8fa6f30a9f93940710ae60de4229186
https://repo.anaconda.com/pkgs/main/osx-arm64/setuptools-83.0.0-py314hca03da5_0.conda#ef7eed4ce386dd29c1d59455afb2a774
https://repo.anaconda.com/pkgs/main/osx-arm64/shellingham-1.5.4-py314hca03da5_0.conda#6cf3cd2bf7bd1824007c8d160773427b
https://repo.anaconda.com/pkgs/main/osx-arm64/six-1.17.0-py314hca03da5_0.conda#698fd3944f3c61b4b74a9d87750021db
https://repo.anaconda.com/pkgs/main/osx-arm64/tornado-6.5.8-py314haa24f5a_0.conda#3ab3dcb3e09e3751e8d7c2b5b20f7cbf
https://repo.anaconda.com/pkgs/main/osx-arm64/tqdm-4.70.0-py314h7136c26_0.conda#67c331f240f867011427503c9a120a14
https://repo.anaconda.com/pkgs/main/osx-arm64/typing_extensions-4.16.0-py314hca03da5_0.conda#85078cb9da764c5c71325790ef638df5
https://repo.anaconda.com/pkgs/main/osx-arm64/anyio-4.15.1-py314hca03da5_0.conda#143a223a66a68d8ef4e6bf1149b5e53f
https://repo.anaconda.com/pkgs/main/osx-arm64/httpcore-1.0.9-py314hca03da5_0.conda#8300ac87c46a180dfdfd40cac563e63a
https://repo.anaconda.com/pkgs/main/osx-arm64/jinja2-3.1.6-py314hca03da5_1.conda#58f8345dfbf419bc850c607efc755b5f
https://repo.anaconda.com/pkgs/main/osx-arm64/libglib-2.88.3-hccc07e4_1.conda#a28a7592a1538f6dd3e635f98e8b9119
https://repo.anaconda.com/pkgs/main/osx-arm64/markdown-it-py-4.2.0-py314hca03da5_0.conda#7f60684351b4dd8b1d2129f91b7b23e6
https://repo.anaconda.com/pkgs/main/osx-arm64/numpy-2.5.3-py314hd8d2248_0.conda#0827c30cbefafbbab427f6ad169240d4
https://repo.anaconda.com/pkgs/main/osx-arm64/python-dateutil-2.9.0post0-py314hca03da5_2.conda#06a622740a89ffb340a335df75d690d0
https://repo.anaconda.com/pkgs/main/osx-arm64/sentencepiece-0.2.1-py314h6c5125a_3.conda#5771032d5fd4dd5e71846d7e72234e20
https://repo.anaconda.com/pkgs/main/osx-arm64/sip-6.15.1-py314ha5c92a7_0.conda#f6a1c6d2492c4117dcef70d9178f629e
https://repo.anaconda.com/pkgs/main/osx-arm64/typing-extensions-4.16.0-py314hca03da5_0.conda#16ec60d91e486f480d092ff263ba659b
https://repo.anaconda.com/pkgs/main/osx-arm64/cairo-1.18.4-hf598c75_1.conda#4bf112ce798dc2018c056774784d002a
https://repo.anaconda.com/pkgs/main/osx-arm64/contourpy-1.4.0-py314h20e30b6_0.conda#79d9b9c94e77d84d55d0adef45e26ce9
https://repo.anaconda.com/pkgs/main/osx-arm64/httpx-0.28.1-py314hca03da5_1.conda#9e18d1dfbec7d4e8403b3e629e7d8016
https://repo.anaconda.com/pkgs/main/osx-arm64/rich-15.0.0-py314hca03da5_0.conda#bf0d304961eec7c3464c953e5ef3ecf6
https://repo.anaconda.com/pkgs/main/osx-arm64/harfbuzz-12.3.0-h0c4e95f_2.conda#4b141edc3efc04a82af6626a087a36af
https://repo.anaconda.com/pkgs/main/osx-arm64/matplotlib-base-3.11.2-py314haeb1505_0.conda#8ddc1ffb7c024b55eef4a0d60588bc85
https://repo.anaconda.com/pkgs/main/osx-arm64/typer-0.27.2-py314hca03da5_0.conda#b246622b83c2f6fed35e9723554d165d
https://repo.anaconda.com/pkgs/main/osx-arm64/huggingface_hub-1.15.0-py314h7136c26_0.conda#cbee46ff1d9e905f4fe4dc6e6a24c10f
https://repo.anaconda.com/pkgs/main/osx-arm64/qtbase-6.11.2-he61f98e_0.conda#c7a0ae278e8c2c9aa95328a17a1b200c
https://repo.anaconda.com/pkgs/main/osx-arm64/qtsvg-6.11.0-h0df3226_1.conda#0db15e8652202f771bb304d4af9f1cea
https://repo.anaconda.com/pkgs/main/osx-arm64/tokenizers-0.23.2-py314h0ec948b_0.conda#d175ae7efb1bbf030551cd37bcd62512
https://repo.anaconda.com/pkgs/main/osx-arm64/qtdeclarative-6.11.0-h05b618b_1.conda#8acb1bc8126ed3f495760cc65f5bd843
https://repo.anaconda.com/pkgs/main/osx-arm64/transformers-5.17.0-py314h1d23010_0.conda#20a30c6c69f1078459ea13f209b50249
https://repo.anaconda.com/pkgs/main/osx-arm64/mlx-lm-0.31.3-py314hca03da5_0.conda#b74a7be38e0541931f82fa290e635770
https://repo.anaconda.com/pkgs/main/osx-arm64/qttools-6.11.0-h62828e9_1.conda#d7e191673048cdf5b06a653b8b2e7079
https://repo.anaconda.com/pkgs/main/osx-arm64/qtwebchannel-6.11.0-h6c8220c_1.conda#c9b0c32243e3e0a3be9e773b1f4ff3c6
https://repo.anaconda.com/pkgs/main/osx-arm64/qtwebsockets-6.11.0-haaeb825_1.conda#094fc9cf8af900b19992a60befa3c615
https://repo.anaconda.com/pkgs/main/osx-arm64/pyqt-6.11.0-py314h02f3d05_0.conda#159b3622631eac0595b5aa379679734b
https://repo.anaconda.com/pkgs/main/osx-arm64/matplotlib-3.11.2-py314hcd8edec_0.conda#f279383d9bfbcfcfc4da45cd6e50525e
